
Microsoft Visual Studio Solution File, Format Version 12.00
# Visual Studio Version 17
VisualStudioVersion = 17.8.34511.84
MinimumVisualStudioVersion = 10.0.40219.1
Project("{FAE04EC0-301F-11D3-BF4B-00C04F79EFBC}") = "Labs 1 - Arrays", "Labs 1 - Arrays\Labs 1 - Arrays.csproj", "{DFB52F47-A40C-48EA-9908-4C21122C8D22}"
EndProject
Project("{2150E333-8FDC-42A3-9474-1A3956D46DE8}") = "Solution Items", "Solution Items", "{AF47010E-356D-41F1-A4FB-5595D46288F4}"
EndProject
Global
	GlobalSection(SolutionConfigurationPlatforms) = preSolution
		Debug|Any CPU = Debug|Any CPU
		Release|Any CPU = Release|Any CPU
	EndGlobalSection
	GlobalSection(ProjectConfigurationPlatforms) = postSolution
		{DFB52F47-A40C-48EA-9908-4C21122C8D22}.Debug|Any CPU.ActiveCfg = Debug|Any CPU
		{DFB52F47-A40C-48EA-9908-4C21122C8D22}.Debug|Any CPU.Build.0 = Debug|Any CPU
		{DFB52F47-A40C-48EA-9908-4C21122C8D22}.Release|Any CPU.ActiveCfg = Release|Any CPU
		{DFB52F47-A40C-48EA-9908-4C21122C8D22}.Release|Any CPU.Build.0 = Release|Any CPU
	EndGlobalSection
	GlobalSection(SolutionProperties) = preSolution
		HideSolutionNode = FALSE
	EndGlobalSection
	GlobalSection(ExtensibilityGlobals) = postSolution
		SolutionGuid = {D00653E5-35AE-4132-A41D-8D0195340CBE}
	EndGlobalSection
EndGlobal
